
Microsoft Visual Studio Solution File, Format Version 12.00
# Visual Studio 15
VisualStudioVersion = 15.0.26228.52
MinimumVisualStudioVersion = 10.0.40219.1
Project("{FAE04EC0-301F-11D3-BF4B-00C04F79EFBC}") = "1.MVCCampanasPPG", "CampanasComexPPG\1.MVCCampanasPPG.csproj", "{A499C0C5-9D95-4DD4-B104-0EA7C64F2435}"
EndProject
Project("{FAE04EC0-301F-11D3-BF4B-00C04F79EFBC}") = "2.NegocioCampanasPPG", "NegocioCampanasPPG\2.NegocioCampanasPPG.csproj", "{7542C80C-9AF1-44E3-9334-7A1B2398D316}"
EndProject
Project("{FAE04EC0-301F-11D3-BF4B-00C04F79EFBC}") = "3.DatosCampanasPPG", "DatosCampanasPPG\3.DatosCampanasPPG.csproj", "{0D722FBC-2C9F-4AFE-9928-A73B8B6788A3}"
EndProject
Project("{FAE04EC0-301F-11D3-BF4B-00C04F79EFBC}") = "4.EntidadesCampanasPPG", "EntidadesCampanasPPG\4.EntidadesCampanasPPG.csproj", "{8C625F1F-8256-463C-8046-DF4503DAA2DC}"
EndProject
Project("{FAE04EC0-301F-11D3-BF4B-00C04F79EFBC}") = "5.UtilidadesCampanasPPG", "UtilidadesCampanasPPG\5.UtilidadesCampanasPPG.csproj", "{553CDA9A-85A9-4B80-A951-6EEEF551814A}"
EndProject
Global
	GlobalSection(SolutionConfigurationPlatforms) = preSolution
		Debug|Any CPU = Debug|Any CPU
		Release|Any CPU = Release|Any CPU
	EndGlobalSection
	GlobalSection(ProjectConfigurationPlatforms) = postSolution
		{A499C0C5-9D95-4DD4-B104-0EA7C64F2435}.Debug|Any CPU.ActiveCfg = Debug|Any CPU
		{A499C0C5-9D95-4DD4-B104-0EA7C64F2435}.Debug|Any CPU.Build.0 = Debug|Any CPU
		{A499C0C5-9D95-4DD4-B104-0EA7C64F2435}.Release|Any CPU.ActiveCfg = Release|Any CPU
		{A499C0C5-9D95-4DD4-B104-0EA7C64F2435}.Release|Any CPU.Build.0 = Release|Any CPU
		{7542C80C-9AF1-44E3-9334-7A1B2398D316}.Debug|Any CPU.ActiveCfg = Debug|Any CPU
		{7542C80C-9AF1-44E3-9334-7A1B2398D316}.Debug|Any CPU.Build.0 = Debug|Any CPU
		{7542C80C-9AF1-44E3-9334-7A1B2398D316}.Release|Any CPU.ActiveCfg = Release|Any CPU
		{7542C80C-9AF1-44E3-9334-7A1B2398D316}.Release|Any CPU.Build.0 = Release|Any CPU
		{0D722FBC-2C9F-4AFE-9928-A73B8B6788A3}.Debug|Any CPU.ActiveCfg = Debug|Any CPU
		{0D722FBC-2C9F-4AFE-9928-A73B8B6788A3}.Debug|Any CPU.Build.0 = Debug|Any CPU
		{0D722FBC-2C9F-4AFE-9928-A73B8B6788A3}.Release|Any CPU.ActiveCfg = Release|Any CPU
		{0D722FBC-2C9F-4AFE-9928-A73B8B6788A3}.Release|Any CPU.Build.0 = Release|Any CPU
		{8C625F1F-8256-463C-8046-DF4503DAA2DC}.Debug|Any CPU.ActiveCfg = Debug|Any CPU
		{8C625F1F-8256-463C-8046-DF4503DAA2DC}.Debug|Any CPU.Build.0 = Debug|Any CPU
		{8C625F1F-8256-463C-8046-DF4503DAA2DC}.Release|Any CPU.ActiveCfg = Release|Any CPU
		{8C625F1F-8256-463C-8046-DF4503DAA2DC}.Release|Any CPU.Build.0 = Release|Any CPU
		{553CDA9A-85A9-4B80-A951-6EEEF551814A}.Debug|Any CPU.ActiveCfg = Debug|Any CPU
		{553CDA9A-85A9-4B80-A951-6EEEF551814A}.Debug|Any CPU.Build.0 = Debug|Any CPU
		{553CDA9A-85A9-4B80-A951-6EEEF551814A}.Release|Any CPU.ActiveCfg = Release|Any CPU
		{553CDA9A-85A9-4B80-A951-6EEEF551814A}.Release|Any CPU.Build.0 = Release|Any CPU
	EndGlobalSection
	GlobalSection(SolutionProperties) = preSolution
		HideSolutionNode = FALSE
	EndGlobalSection
	GlobalSection(ExtensibilityGlobals) = postSolution
		SolutionGuid = {74EC92F4-C2E4-4CCE-9784-D8591D6D8A93}
	EndGlobalSection
EndGlobal
